
Microsoft Visual Studio Solution File, Format Version 12.00
# Visual Studio Version 17
VisualStudioVersion = 17.6.33815.320
MinimumVisualStudioVersion = 10.0.40219.1
Project("{FAE04EC0-301F-11D3-BF4B-00C04F79EFBC}") = "BankingApplication", "BankingApplication.csproj", "{42553673-2A14-4FCB-8DAC-67F3B9FF2922}"
EndProject
Global
	GlobalSection(SolutionConfigurationPlatforms) = preSolution
		Debug|Any CPU = Debug|Any CPU
		Release|Any CPU = Release|Any CPU
	EndGlobalSection
	GlobalSection(ProjectConfigurationPlatforms) = postSolution
		{42553673-2A14-4FCB-8DAC-67F3B9FF2922}.Debug|Any CPU.ActiveCfg = Debug|Any CPU
		{42553673-2A14-4FCB-8DAC-67F3B9FF2922}.Debug|Any CPU.Build.0 = Debug|Any CPU
		{42553673-2A14-4FCB-8DAC-67F3B9FF2922}.Release|Any CPU.ActiveCfg = Release|Any CPU
		{42553673-2A14-4FCB-8DAC-67F3B9FF2922}.Release|Any CPU.Build.0 = Release|Any CPU
	EndGlobalSection
	GlobalSection(SolutionProperties) = preSolution
		HideSolutionNode = FALSE
	EndGlobalSection
	GlobalSection(ExtensibilityGlobals) = postSolution
		SolutionGuid = {AB84DCD4-C56D-4150-9E63-79E292BB26B9}
	EndGlobalSection
EndGlobal
